// !$*UTF8*$!
{
	archiveVersion = 1;
	classes = {
	};
	objectVersion = 50;
	objects = {

/* Begin PBXBuildFile section */
		55D757687654908713FB002F /* Pods_Weather.framework in Frameworks */ = {isa = PBXBuildFile; fileRef = F447387732DCD13D2DB404A2 /* Pods_Weather.framework */; };
		ECCABD2A21FB531400ABB2DF /* AppDelegate.swift in Sources */ = {isa = PBXBuildFile; fileRef = ECCABD2921FB531400ABB2DF /* AppDelegate.swift */; };
		ECCABD2F21FB531400ABB2DF /* Main.storyboard in Resources */ = {isa = PBXBuildFile; fileRef = ECCABD2D21FB531400ABB2DF /* Main.storyboard */; };
		ECCABD3221FB531400ABB2DF /* Weather.xcdatamodeld in Sources */ = {isa = PBXBuildFile; fileRef = ECCABD3021FB531400ABB2DF /* Weather.xcdatamodeld */; };
		ECCABD3421FB531600ABB2DF /* Assets.xcassets in Resources */ = {isa = PBXBuildFile; fileRef = ECCABD3321FB531600ABB2DF /* Assets.xcassets */; };
		ECCABD3721FB531600ABB2DF /* LaunchScreen.storyboard in Resources */ = {isa = PBXBuildFile; fileRef = ECCABD3521FB531600ABB2DF /* LaunchScreen.storyboard */; };
		ECCABD4321FB5AB100ABB2DF /* MapViewController.swift in Sources */ = {isa = PBXBuildFile; fileRef = ECCABD4221FB5AB100ABB2DF /* MapViewController.swift */; };
		ECCABD4521FB5AC600ABB2DF /* WeatherViewController.swift in Sources */ = {isa = PBXBuildFile; fileRef = ECCABD4421FB5AC600ABB2DF /* WeatherViewController.swift */; };
		ECCABD4721FB5AEC00ABB2DF /* APIClient.swift in Sources */ = {isa = PBXBuildFile; fileRef = ECCABD4621FB5AEC00ABB2DF /* APIClient.swift */; };
		ECCABD4B21FB72AC00ABB2DF /* CoreData.framework in Frameworks */ = {isa = PBXBuildFile; fileRef = ECCABD4A21FB72AC00ABB2DF /* CoreData.framework */; };
		ECCABD4D21FB75F500ABB2DF /* HistoryViewController.swift in Sources */ = {isa = PBXBuildFile; fileRef = ECCABD4C21FB75F500ABB2DF /* HistoryViewController.swift */; };
/* End PBXBuildFile section */

/* Begin PBXFileReference section */
		69990EF59BF443FDFEA75ECD /* Pods-Weather.debug.xcconfig */ = {isa = PBXFileReference; includeInIndex = 1; lastKnownFileType = text.xcconfig; name = "Pods-Weather.debug.xcconfig"; path = "Pods/Target Support Files/Pods-Weather/Pods-Weather.debug.xcconfig"; sourceTree = "<group>"; };
		883110638563C88B011FDC93 /* Pods-Weather.release.xcconfig */ = {isa = PBXFileReference; includeInIndex = 1; lastKnownFileType = text.xcconfig; name = "Pods-Weather.release.xcconfig"; path = "Pods/Target Support Files/Pods-Weather/Pods-Weather.release.xcconfig"; sourceTree = "<group>"; };
		ECCABD2621FB531400ABB2DF /* Weather.app */ = {isa = PBXFileReference; explicitFileType = wrapper.application; includeInIndex = 0; path = Weather.app; sourceTree = BUILT_PRODUCTS_DIR; };
		ECCABD2921FB531400ABB2DF /* AppDelegate.swift */ = {isa = PBXFileReference; lastKnownFileType = sourcecode.swift; path = AppDelegate.swift; sourceTree = "<group>"; };
		ECCABD2E21FB531400ABB2DF /* Base */ = {isa = PBXFileReference; lastKnownFileType = file.storyboard; name = Base; path = Base.lproj/Main.storyboard; sourceTree = "<group>"; };
		ECCABD3121FB531400ABB2DF /* Weather.xcdatamodel */ = {isa = PBXFileReference; lastKnownFileType = wrapper.xcdatamodel; path = Weather.xcdatamodel; sourceTree = "<group>"; };
		ECCABD3321FB531600ABB2DF /* Assets.xcassets */ = {isa = PBXFileReference; lastKnownFileType = folder.assetcatalog; path = Assets.xcassets; sourceTree = "<group>"; };
		ECCABD3621FB531600ABB2DF /* Base */ = {isa = PBXFileReference; lastKnownFileType = file.storyboard; name = Base; path = Base.lproj/LaunchScreen.storyboard; sourceTree = "<group>"; };
		ECCABD3821FB531600ABB2DF /* Info.plist */ = {isa = PBXFileReference; lastKnownFileType = text.plist.xml; path = Info.plist; sourceTree = "<group>"; };
		ECCABD4221FB5AB100ABB2DF /* MapViewController.swift */ = {isa = PBXFileReference; lastKnownFileType = sourcecode.swift; path = MapViewController.swift; sourceTree = "<group>"; };
		ECCABD4421FB5AC600ABB2DF /* WeatherViewController.swift */ = {isa = PBXFileReference; lastKnownFileType = sourcecode.swift; path = WeatherViewController.swift; sourceTree = "<group>"; };
		ECCABD4621FB5AEC00ABB2DF /* APIClient.swift */ = {isa = PBXFileReference; lastKnownFileType = sourcecode.swift; path = APIClient.swift; sourceTree = "<group>"; };
		ECCABD4A21FB72AC00ABB2DF /* CoreData.framework */ = {isa = PBXFileReference; lastKnownFileType = wrapper.framework; name = CoreData.framework; path = System/Library/Frameworks/CoreData.framework; sourceTree = SDKROOT; };
		ECCABD4C21FB75F500ABB2DF /* HistoryViewController.swift */ = {isa = PBXFileReference; lastKnownFileType = sourcecode.swift; path = HistoryViewController.swift; sourceTree = "<group>"; };
		F447387732DCD13D2DB404A2 /* Pods_Weather.framework */ = {isa = PBXFileReference; explicitFileType = wrapper.framework; includeInIndex = 0; path = Pods_Weather.framework; sourceTree = BUILT_PRODUCTS_DIR; };
/* End PBXFileReference section */

/* Begin PBXFrameworksBuildPhase section */
		ECCABD2321FB531400ABB2DF /* Frameworks */ = {
			isa = PBXFrameworksBuildPhase;
			buildActionMask = 2147483647;
			files = (
				ECCABD4B21FB72AC00ABB2DF /* CoreData.framework in Frameworks */,
				55D757687654908713FB002F /* Pods_Weather.framework in Frameworks */,
			);
			runOnlyForDeploymentPostprocessing = 0;
		};
/* End PBXFrameworksBuildPhase section */

/* Begin PBXGroup section */
		0E8102DDA2BAD91338CE8098 /* Frameworks */ = {
			isa = PBXGroup;
			children = (
				ECCABD4A21FB72AC00ABB2DF /* CoreData.framework */,
				F447387732DCD13D2DB404A2 /* Pods_Weather.framework */,
			);
			name = Frameworks;
			sourceTree = "<group>";
		};
		69070988F757D119576B49E7 /* Pods */ = {
			isa = PBXGroup;
			children = (
				69990EF59BF443FDFEA75ECD /* Pods-Weather.debug.xcconfig */,
				883110638563C88B011FDC93 /* Pods-Weather.release.xcconfig */,
			);
			name = Pods;
			sourceTree = "<group>";
		};
		ECCABD1D21FB531400ABB2DF = {
			isa = PBXGroup;
			children = (
				ECCABD2821FB531400ABB2DF /* Weather */,
				ECCABD2721FB531400ABB2DF /* Products */,
				69070988F757D119576B49E7 /* Pods */,
				0E8102DDA2BAD91338CE8098 /* Frameworks */,
			);
			sourceTree = "<group>";
		};
		ECCABD2721FB531400ABB2DF /* Products */ = {
			isa = PBXGroup;
			children = (
				ECCABD2621FB531400ABB2DF /* Weather.app */,
			);
			name = Products;
			sourceTree = "<group>";
		};
		ECCABD2821FB531400ABB2DF /* Weather */ = {
			isa = PBXGroup;
			children = (
				ECCABD2921FB531400ABB2DF /* AppDelegate.swift */,
				ECCABD4221FB5AB100ABB2DF /* MapViewController.swift */,
				ECCABD4421FB5AC600ABB2DF /* WeatherViewController.swift */,
				ECCABD4C21FB75F500ABB2DF /* HistoryViewController.swift */,
				ECCABD4621FB5AEC00ABB2DF /* APIClient.swift */,
				ECCABD2D21FB531400ABB2DF /* Main.storyboard */,
				ECCABD3321FB531600ABB2DF /* Assets.xcassets */,
				ECCABD3521FB531600ABB2DF /* LaunchScreen.storyboard */,
				ECCABD3821FB531600ABB2DF /* Info.plist */,
				ECCABD3021FB531400ABB2DF /* Weather.xcdatamodeld */,
			);
			path = Weather;
			sourceTree = "<group>";
		};
/* End PBXGroup section */

/* Begin PBXNativeTarget section */
		ECCABD2521FB531400ABB2DF /* Weather */ = {
			isa = PBXNativeTarget;
			buildConfigurationList = ECCABD3B21FB531600ABB2DF /* Build configuration list for PBXNativeTarget "Weather" */;
			buildPhases = (
				65D4469B747429A3D0F25F86 /* [CP] Check Pods Manifest.lock */,
				ECCABD2221FB531400ABB2DF /* Sources */,
				ECCABD2321FB531400ABB2DF /* Frameworks */,
				ECCABD2421FB531400ABB2DF /* Resources */,
				2FF02D26E5B3363F45AD06B1 /* [CP] Embed Pods Frameworks */,
			);
			buildRules = (
			);
			dependencies = (
			);
			name = Weather;
			productName = Weather;
			productReference = ECCABD2621FB531400ABB2DF /* Weather.app */;
			productType = "com.apple.product-type.application";
		};
/* End PBXNativeTarget section */

/* Begin PBXProject section */
		ECCABD1E21FB531400ABB2DF /* Project object */ = {
			isa = PBXProject;
			attributes = {
				LastSwiftUpdateCheck = 1010;
				LastUpgradeCheck = 1010;
				ORGANIZATIONNAME = "Tieguo Wu";
				TargetAttributes = {
					ECCABD2521FB531400ABB2DF = {
						CreatedOnToolsVersion = 10.1;
					};
				};
			};
			buildConfigurationList = ECCABD2121FB531400ABB2DF /* Build configuration list for PBXProject "Weather" */;
			compatibilityVersion = "Xcode 9.3";
			developmentRegion = en;
			hasScannedForEncodings = 0;
			knownRegions = (
				en,
				Base,
			);
			mainGroup = ECCABD1D21FB531400ABB2DF;
			productRefGroup = ECCABD2721FB531400ABB2DF /* Products */;
			projectDirPath = "";
			projectRoot = "";
			targets = (
				ECCABD2521FB531400ABB2DF /* Weather */,
			);
		};
/* End PBXProject section */

/* Begin PBXResourcesBuildPhase section */
		ECCABD2421FB531400ABB2DF /* Resources */ = {
			isa = PBXResourcesBuildPhase;
			buildActionMask = 2147483647;
			files = (
				ECCABD3721FB531600ABB2DF /* LaunchScreen.storyboard in Resources */,
				ECCABD3421FB531600ABB2DF /* Assets.xcassets in Resources */,
				ECCABD2F21FB531400ABB2DF /* Main.storyboard in Resources */,
			);
			runOnlyForDeploymentPostprocessing = 0;
		};
/* End PBXResourcesBuildPhase section */

/* Begin PBXShellScriptBuildPhase section */
		2FF02D26E5B3363F45AD06B1 /* [CP] Embed Pods Frameworks */ = {
			isa = PBXShellScriptBuildPhase;
			buildActionMask = 2147483647;
			files = (
			);
			inputFileListPaths = (
			);
			inputPaths = (
				"${SRCROOT}/Pods/Target Support Files/Pods-Weather/Pods-Weather-frameworks.sh",
				"${BUILT_PRODUCTS_DIR}/Alamofire/Alamofire.framework",
				"${BUILT_PRODUCTS_DIR}/MBProgressHUD/MBProgressHUD.framework",
				"${PODS_ROOT}/Mapbox-iOS-SDK/dynamic/Mapbox.framework",
				"${PODS_ROOT}/Mapbox-iOS-SDK/dynamic/Mapbox.framework.dSYM",
				"${BUILT_PRODUCTS_DIR}/SDWebImage/SDWebImage.framework",
				"${BUILT_PRODUCTS_DIR}/SwiftyJSON/SwiftyJSON.framework",
			);
			name = "[CP] Embed Pods Frameworks";
			outputFileListPaths = (
			);
			outputPaths = (
				"${TARGET_BUILD_DIR}/${FRAMEWORKS_FOLDER_PATH}/Alamofire.framework",
				"${TARGET_BUILD_DIR}/${FRAMEWORKS_FOLDER_PATH}/MBProgressHUD.framework",
				"${TARGET_BUILD_DIR}/${FRAMEWORKS_FOLDER_PATH}/Mapbox.framework",
				"${DWARF_DSYM_FOLDER_PATH}/Mapbox.framework.dSYM",
				"${TARGET_BUILD_DIR}/${FRAMEWORKS_FOLDER_PATH}/SDWebImage.framework",
				"${TARGET_BUILD_DIR}/${FRAMEWORKS_FOLDER_PATH}/SwiftyJSON.framework",
			);
			runOnlyForDeploymentPostprocessing = 0;
			shellPath = /bin/sh;
			shellScript = "\"${SRCROOT}/Pods/Target Support Files/Pods-Weather/Pods-Weather-frameworks.sh\"\n";
			showEnvVarsInLog = 0;
		};
		65D4469B747429A3D0F25F86 /* [CP] Check Pods Manifest.lock */ = {
			isa = PBXShellScriptBuildPhase;
			buildActionMask = 2147483647;
			files = (
			);
			inputFileListPaths = (
			);
			inputPaths = (
				"${PODS_PODFILE_DIR_PATH}/Podfile.lock",
				"${PODS_ROOT}/Manifest.lock",
			);
			name = "[CP] Check Pods Manifest.lock";
			outputFileListPaths = (
			);
			outputPaths = (
				"$(DERIVED_FILE_DIR)/Pods-Weather-checkManifestLockResult.txt",
			);
			runOnlyForDeploymentPostprocessing = 0;
			shellPath = /bin/sh;
			shellScript = "diff \"${PODS_PODFILE_DIR_PATH}/Podfile.lock\" \"${PODS_ROOT}/Manifest.lock\" > /dev/null\nif [ $? != 0 ] ; then\n    # print error to STDERR\n    echo \"error: The sandbox is not in sync with the Podfile.lock. Run 'pod install' or update your CocoaPods installation.\" >&2\n    exit 1\nfi\n# This output is used by Xcode 'outputs' to avoid re-running this script phase.\necho \"SUCCESS\" > \"${SCRIPT_OUTPUT_FILE_0}\"\n";
			showEnvVarsInLog = 0;
		};
/* End PBXShellScriptBuildPhase section */

/* Begin PBXSourcesBuildPhase section */
		ECCABD2221FB531400ABB2DF /* Sources */ = {
			isa = PBXSourcesBuildPhase;
			buildActionMask = 2147483647;
			files = (
				ECCABD3221FB531400ABB2DF /* Weather.xcdatamodeld in Sources */,
				ECCABD4521FB5AC600ABB2DF /* WeatherViewController.swift in Sources */,
				ECCABD4321FB5AB100ABB2DF /* MapViewController.swift in Sources */,
				ECCABD4721FB5AEC00ABB2DF /* APIClient.swift in Sources */,
				ECCABD4D21FB75F500ABB2DF /* HistoryViewController.swift in Sources */,
				ECCABD2A21FB531400ABB2DF /* AppDelegate.swift in Sources */,
			);
			runOnlyForDeploymentPostprocessing = 0;
		};
/* End PBXSourcesBuildPhase section */

/* Begin PBXVariantGroup section */
		ECCABD2D21FB531400ABB2DF /* Main.storyboard */ = {
			isa = PBXVariantGroup;
			children = (
				ECCABD2E21FB531400ABB2DF /* Base */,
			);
			name = Main.storyboard;
			sourceTree = "<group>";
		};
		ECCABD3521FB531600ABB2DF /* LaunchScreen.storyboard */ = {
			isa = PBXVariantGroup;
			children = (
				ECCABD3621FB531600ABB2DF /* Base */,
			);
			name = LaunchScreen.storyboard;
			sourceTree = "<group>";
		};
/* End PBXVariantGroup section */

/* Begin XCBuildConfiguration section */
		ECCABD3921FB531600ABB2DF /* Debug */ = {
			isa = XCBuildConfiguration;
			buildSettings = {
				ALWAYS_SEARCH_USER_PATHS = NO;
				CLANG_ANALYZER_NONNULL = YES;
				CLANG_ANALYZER_NUMBER_OBJECT_CONVERSION = YES_AGGRESSIVE;
				CLANG_CXX_LANGUAGE_STANDARD = "gnu++14";
				CLANG_CXX_LIBRARY = "libc++";
				CLANG_ENABLE_MODULES = YES;
				CLANG_ENABLE_OBJC_ARC = YES;
				CLANG_ENABLE_OBJC_WEAK = YES;
				CLANG_WARN_BLOCK_CAPTURE_AUTORELEASING = YES;
				CLANG_WARN_BOOL_CONVERSION = YES;
				CLANG_WARN_COMMA = YES;
				CLANG_WARN_CONSTANT_CONVERSION = YES;
				CLANG_WARN_DEPRECATED_OBJC_IMPLEMENTATIONS = YES;
				CLANG_WARN_DIRECT_OBJC_ISA_USAGE = YES_ERROR;
				CLANG_WARN_DOCUMENTATION_COMMENTS = YES;
				CLANG_WARN_EMPTY_BODY = YES;
				CLANG_WARN_ENUM_CONVERSION = YES;
				CLANG_WARN_INFINITE_RECURSION = YES;
				CLANG_WARN_INT_CONVERSION = YES;
				CLANG_WARN_NON_LITERAL_NULL_CONVERSION = YES;
				CLANG_WARN_OBJC_IMPLICIT_RETAIN_SELF = YES;
				CLANG_WARN_OBJC_LITERAL_CONVERSION = YES;
				CLANG_WARN_OBJC_ROOT_CLASS = YES_ERROR;
				CLANG_WARN_RANGE_LOOP_ANALYSIS = YES;
				CLANG_WARN_STRICT_PROTOTYPES = YES;
				CLANG_WARN_SUSPICIOUS_MOVE = YES;
				CLANG_WARN_UNGUARDED_AVAILABILITY = YES_AGGRESSIVE;
				CLANG_WARN_UNREACHABLE_CODE = YES;
				CLANG_WARN__DUPLICATE_METHOD_MATCH = YES;
				CODE_SIGN_IDENTITY = "iPhone Developer";
				COPY_PHASE_STRIP = NO;
				DEBUG_INFORMATION_FORMAT = dwarf;
				ENABLE_STRICT_OBJC_MSGSEND = YES;
				ENABLE_TESTABILITY = YES;
				GCC_C_LANGUAGE_STANDARD = gnu11;
				GCC_DYNAMIC_NO_PIC = NO;
				GCC_NO_COMMON_BLOCKS = YES;
				GCC_OPTIMIZATION_LEVEL = 0;
				GCC_PREPROCESSOR_DEFINITIONS = (
					"DEBUG=1",
					"$(inherited)",
				);
				GCC_WARN_64_TO_32_BIT_CONVERSION = YES;
				GCC_WARN_ABOUT_RETURN_TYPE = YES_ERROR;
				GCC_WARN_UNDECLARED_SELECTOR = YES;
				GCC_WARN_UNINITIALIZED_AUTOS = YES_AGGRESSIVE;
				GCC_WARN_UNUSED_FUNCTION = YES;
				GCC_WARN_UNUSED_VARIABLE = YES;
				IPHONEOS_DEPLOYMENT_TARGET = 12.1;
				MTL_ENABLE_DEBUG_INFO = INCLUDE_SOURCE;
				MTL_FAST_MATH = YES;
				ONLY_ACTIVE_ARCH = YES;
				SDKROOT = iphoneos;
				SWIFT_ACTIVE_COMPILATION_CONDITIONS = DEBUG;
				SWIFT_OPTIMIZATION_LEVEL = "-Onone";
			};
			name = Debug;
		};
		ECCABD3A21FB531600ABB2DF /* Release */ = {
			isa = XCBuildConfiguration;
			buildSettings = {
				ALWAYS_SEARCH_USER_PATHS = NO;
				CLANG_ANALYZER_NONNULL = YES;
				CLANG_ANALYZER_NUMBER_OBJECT_CONVERSION = YES_AGGRESSIVE;
				CLANG_CXX_LANGUAGE_STANDARD = "gnu++14";
				CLANG_CXX_LIBRARY = "libc++";
				CLANG_ENABLE_MODULES = YES;
				CLANG_ENABLE_OBJC_ARC = YES;
				CLANG_ENABLE_OBJC_WEAK = YES;
				CLANG_WARN_BLOCK_CAPTURE_AUTORELEASING = YES;
				CLANG_WARN_BOOL_CONVERSION = YES;
				CLANG_WARN_COMMA = YES;
				CLANG_WARN_CONSTANT_CONVERSION = YES;
				CLANG_WARN_DEPRECATED_OBJC_IMPLEMENTATIONS = YES;
				CLANG_WARN_DIRECT_OBJC_ISA_USAGE = YES_ERROR;
				CLANG_WARN_DOCUMENTATION_COMMENTS = YES;
				CLANG_WARN_EMPTY_BODY = YES;
				CLANG_WARN_ENUM_CONVERSION = YES;
				CLANG_WARN_INFINITE_RECURSION = YES;
				CLANG_WARN_INT_CONVERSION = YES;
				CLANG_WARN_NON_LITERAL_NULL_CONVERSION = YES;
				CLANG_WARN_OBJC_IMPLICIT_RETAIN_SELF = YES;
				CLANG_WARN_OBJC_LITERAL_CONVERSION = YES;
				CLANG_WARN_OBJC_ROOT_CLASS = YES_ERROR;
				CLANG_WARN_RANGE_LOOP_ANALYSIS = YES;
				CLANG_WARN_STRICT_PROTOTYPES = YES;
				CLANG_WARN_SUSPICIOUS_MOVE = YES;
				CLANG_WARN_UNGUARDED_AVAILABILITY = YES_AGGRESSIVE;
				CLANG_WARN_UNREACHABLE_CODE = YES;
				CLANG_WARN__DUPLICATE_METHOD_MATCH = YES;
				CODE_SIGN_IDENTITY = "iPhone Developer";
				COPY_PHASE_STRIP = NO;
				DEBUG_INFORMATION_FORMAT = "dwarf-with-dsym";
				ENABLE_NS_ASSERTIONS = NO;
				ENABLE_STRICT_OBJC_MSGSEND = YES;
				GCC_C_LANGUAGE_STANDARD = gnu11;
				GCC_NO_COMMON_BLOCKS = YES;
				GCC_WARN_64_TO_32_BIT_CONVERSION = YES;
				GCC_WARN_ABOUT_RETURN_TYPE = YES_ERROR;
				GCC_WARN_UNDECLARED_SELECTOR = YES;
				GCC_WARN_UNINITIALIZED_AUTOS = YES_AGGRESSIVE;
				GCC_WARN_UNUSED_FUNCTION = YES;
				GCC_WARN_UNUSED_VARIABLE = YES;
				IPHONEOS_DEPLOYMENT_TARGET = 12.1;
				MTL_ENABLE_DEBUG_INFO = NO;
				MTL_FAST_MATH = YES;
				SDKROOT = iphoneos;
				SWIFT_COMPILATION_MODE = wholemodule;
				SWIFT_OPTIMIZATION_LEVEL = "-O";
				VALIDATE_PRODUCT = YES;
			};
			name = Release;
		};
		ECCABD3C21FB531600ABB2DF /* Debug */ = {
			isa = XCBuildConfiguration;
			baseConfigurationReference = 69990EF59BF443FDFEA75ECD /* Pods-Weather.debug.xcconfig */;
			buildSettings = {
				ASSETCATALOG_COMPILER_APPICON_NAME = AppIcon;
				CODE_SIGN_STYLE = Automatic;
				INFOPLIST_FILE = Weather/Info.plist;
				LD_RUNPATH_SEARCH_PATHS = (
					"$(inherited)",
					"@executable_path/Frameworks",
				);
				PRODUCT_BUNDLE_IDENTIFIER = com.Weather;
				PRODUCT_NAME = "$(TARGET_NAME)";
				SWIFT_VERSION = 4.2;
				TARGETED_DEVICE_FAMILY = "1,2";
			};
			name = Debug;
		};
		ECCABD3D21FB531600ABB2DF /* Release */ = {
			isa = XCBuildConfiguration;
			baseConfigurationReference = 883110638563C88B011FDC93 /* Pods-Weather.release.xcconfig */;
			buildSettings = {
				ASSETCATALOG_COMPILER_APPICON_NAME = AppIcon;
				CODE_SIGN_STYLE = Automatic;
				INFOPLIST_FILE = Weather/Info.plist;
				LD_RUNPATH_SEARCH_PATHS = (
					"$(inherited)",
					"@executable_path/Frameworks",
				);
				PRODUCT_BUNDLE_IDENTIFIER = com.Weather;
				PRODUCT_NAME = "$(TARGET_NAME)";
				SWIFT_VERSION = 4.2;
				TARGETED_DEVICE_FAMILY = "1,2";
			};
			name = Release;
		};
/* End XCBuildConfiguration section */

/* Begin XCConfigurationList section */
		ECCABD2121FB531400ABB2DF /* Build configuration list for PBXProject "Weather" */ = {
			isa = XCConfigurationList;
			buildConfigurations = (
				ECCABD3921FB531600ABB2DF /* Debug */,
				ECCABD3A21FB531600ABB2DF /* Release */,
			);
			defaultConfigurationIsVisible = 0;
			defaultConfigurationName = Release;
		};
		ECCABD3B21FB531600ABB2DF /* Build configuration list for PBXNativeTarget "Weather" */ = {
			isa = XCConfigurationList;
			buildConfigurations = (
				ECCABD3C21FB531600ABB2DF /* Debug */,
				ECCABD3D21FB531600ABB2DF /* Release */,
			);
			defaultConfigurationIsVisible = 0;
			defaultConfigurationName = Release;
		};
/* End XCConfigurationList section */

/* Begin XCVersionGroup section */
		ECCABD3021FB531400ABB2DF /* Weather.xcdatamodeld */ = {
			isa = XCVersionGroup;
			children = (
				ECCABD3121FB531400ABB2DF /* Weather.xcdatamodel */,
			);
			currentVersion = ECCABD3121FB531400ABB2DF /* Weather.xcdatamodel */;
			path = Weather.xcdatamodeld;
			sourceTree = "<group>";
			versionGroupType = wrapper.xcdatamodel;
		};
/* End XCVersionGroup section */
	};
	rootObject = ECCABD1E21FB531400ABB2DF /* Project object */;
}
